// !$*UTF8*$!
{
	archiveVersion = 1;
	classes = {
	};
	objectVersion = 48;
	objects = {

/* Begin PBXBuildFile section */
		1ABE4F5596E92F6AB7DB54CF /* Pods_B_Shop.framework in Frameworks */ = {isa = PBXBuildFile; fileRef = 933C6DA56EF44BEBFA63A9AC /* Pods_B_Shop.framework */; };
		5833DE11202AD1D700B01679 /* CategoryModel.swift in Sources */ = {isa = PBXBuildFile; fileRef = 5833DE10202AD1D700B01679 /* CategoryModel.swift */; };
		585FAD9420272A95004C55A6 /* ExtensionCategoryViewController.swift in Sources */ = {isa = PBXBuildFile; fileRef = 585FAD9320272A95004C55A6 /* ExtensionCategoryViewController.swift */; };
		585FAD97202772BB004C55A6 /* B-shop.xcdatamodeld in Sources */ = {isa = PBXBuildFile; fileRef = 585FAD95202772BB004C55A6 /* B-shop.xcdatamodeld */; };
		58936A072023058900CF9D2B /* CategoryCell.swift in Sources */ = {isa = PBXBuildFile; fileRef = 58936A062023058900CF9D2B /* CategoryCell.swift */; };
		58936A0920230D8300CF9D2B /* Extensions.swift in Sources */ = {isa = PBXBuildFile; fileRef = 58936A0820230D8300CF9D2B /* Extensions.swift */; };
		58936A0C20233A4300CF9D2B /* GroupViewController.swift in Sources */ = {isa = PBXBuildFile; fileRef = 58936A0B20233A4300CF9D2B /* GroupViewController.swift */; };
		58936A1320236E3D00CF9D2B /* ProductTableViewController.swift in Sources */ = {isa = PBXBuildFile; fileRef = 58936A1220236E3D00CF9D2B /* ProductTableViewController.swift */; };
		58936A162023787B00CF9D2B /* ProductPreviewController.swift in Sources */ = {isa = PBXBuildFile; fileRef = 58936A152023787B00CF9D2B /* ProductPreviewController.swift */; };
		5898D0D4202B187200FA6A45 /* ShadowView.swift in Sources */ = {isa = PBXBuildFile; fileRef = 5898D0D3202B187200FA6A45 /* ShadowView.swift */; };
		5898D0D6202B1B7900FA6A45 /* BaseCell.swift in Sources */ = {isa = PBXBuildFile; fileRef = 5898D0D5202B1B7900FA6A45 /* BaseCell.swift */; };
		58C5EAA92022DD770077427B /* AppDelegate.swift in Sources */ = {isa = PBXBuildFile; fileRef = 58C5EAA82022DD770077427B /* AppDelegate.swift */; };
		58C5EAB02022DD780077427B /* Assets.xcassets in Resources */ = {isa = PBXBuildFile; fileRef = 58C5EAAF2022DD780077427B /* Assets.xcassets */; };
		58C5EAB32022DD780077427B /* LaunchScreen.storyboard in Resources */ = {isa = PBXBuildFile; fileRef = 58C5EAB12022DD780077427B /* LaunchScreen.storyboard */; };
		58C5EABC2022E04F0077427B /* CategoryViewController.swift in Sources */ = {isa = PBXBuildFile; fileRef = 58C5EABB2022E04F0077427B /* CategoryViewController.swift */; };
		58FF9ED22029759B0079294C /* GroupCell.swift in Sources */ = {isa = PBXBuildFile; fileRef = 58FF9ED12029759B0079294C /* GroupCell.swift */; };
/* End PBXBuildFile section */

/* Begin PBXFileReference section */
		0BF36611C217FD26D25A44BB /* Pods-B-Shop.release.xcconfig */ = {isa = PBXFileReference; includeInIndex = 1; lastKnownFileType = text.xcconfig; name = "Pods-B-Shop.release.xcconfig"; path = "Pods/Target Support Files/Pods-B-Shop/Pods-B-Shop.release.xcconfig"; sourceTree = "<group>"; };
		1DBB20ECF67BB88CD541AFE7 /* Pods-B-Shop.debug.xcconfig */ = {isa = PBXFileReference; includeInIndex = 1; lastKnownFileType = text.xcconfig; name = "Pods-B-Shop.debug.xcconfig"; path = "Pods/Target Support Files/Pods-B-Shop/Pods-B-Shop.debug.xcconfig"; sourceTree = "<group>"; };
		5833DE10202AD1D700B01679 /* CategoryModel.swift */ = {isa = PBXFileReference; lastKnownFileType = sourcecode.swift; path = CategoryModel.swift; sourceTree = "<group>"; };
		585FAD9320272A95004C55A6 /* ExtensionCategoryViewController.swift */ = {isa = PBXFileReference; lastKnownFileType = sourcecode.swift; path = ExtensionCategoryViewController.swift; sourceTree = "<group>"; };
		585FAD96202772BB004C55A6 /* B-shop.xcdatamodel */ = {isa = PBXFileReference; lastKnownFileType = wrapper.xcdatamodel; path = "B-shop.xcdatamodel"; sourceTree = "<group>"; };
		58936A062023058900CF9D2B /* CategoryCell.swift */ = {isa = PBXFileReference; lastKnownFileType = sourcecode.swift; path = CategoryCell.swift; sourceTree = "<group>"; };
		58936A0820230D8300CF9D2B /* Extensions.swift */ = {isa = PBXFileReference; lastKnownFileType = sourcecode.swift; path = Extensions.swift; sourceTree = "<group>"; };
		58936A0B20233A4300CF9D2B /* GroupViewController.swift */ = {isa = PBXFileReference; lastKnownFileType = sourcecode.swift; path = GroupViewController.swift; sourceTree = "<group>"; };
		58936A1220236E3D00CF9D2B /* ProductTableViewController.swift */ = {isa = PBXFileReference; lastKnownFileType = sourcecode.swift; path = ProductTableViewController.swift; sourceTree = "<group>"; };
		58936A152023787B00CF9D2B /* ProductPreviewController.swift */ = {isa = PBXFileReference; lastKnownFileType = sourcecode.swift; path = ProductPreviewController.swift; sourceTree = "<group>"; };
		5898D0D3202B187200FA6A45 /* ShadowView.swift */ = {isa = PBXFileReference; lastKnownFileType = sourcecode.swift; path = ShadowView.swift; sourceTree = "<group>"; };
		5898D0D5202B1B7900FA6A45 /* BaseCell.swift */ = {isa = PBXFileReference; lastKnownFileType = sourcecode.swift; path = BaseCell.swift; sourceTree = "<group>"; };
		58C5EAA52022DD770077427B /* B-Shop.app */ = {isa = PBXFileReference; explicitFileType = wrapper.application; includeInIndex = 0; path = "B-Shop.app"; sourceTree = BUILT_PRODUCTS_DIR; };
		58C5EAA82022DD770077427B /* AppDelegate.swift */ = {isa = PBXFileReference; lastKnownFileType = sourcecode.swift; path = AppDelegate.swift; sourceTree = "<group>"; };
		58C5EAAF2022DD780077427B /* Assets.xcassets */ = {isa = PBXFileReference; lastKnownFileType = folder.assetcatalog; path = Assets.xcassets; sourceTree = "<group>"; };
		58C5EAB22022DD780077427B /* Base */ = {isa = PBXFileReference; lastKnownFileType = file.storyboard; name = Base; path = Base.lproj/LaunchScreen.storyboard; sourceTree = "<group>"; };
		58C5EAB42022DD780077427B /* Info.plist */ = {isa = PBXFileReference; lastKnownFileType = text.plist.xml; path = Info.plist; sourceTree = "<group>"; };
		58C5EABB2022E04F0077427B /* CategoryViewController.swift */ = {isa = PBXFileReference; lastKnownFileType = sourcecode.swift; path = CategoryViewController.swift; sourceTree = "<group>"; };
		58FF9ED12029759B0079294C /* GroupCell.swift */ = {isa = PBXFileReference; lastKnownFileType = sourcecode.swift; path = GroupCell.swift; sourceTree = "<group>"; };
		933C6DA56EF44BEBFA63A9AC /* Pods_B_Shop.framework */ = {isa = PBXFileReference; explicitFileType = wrapper.framework; includeInIndex = 0; path = Pods_B_Shop.framework; sourceTree = BUILT_PRODUCTS_DIR; };
/* End PBXFileReference section */

/* Begin PBXFrameworksBuildPhase section */
		58C5EAA22022DD770077427B /* Frameworks */ = {
			isa = PBXFrameworksBuildPhase;
			buildActionMask = 2147483647;
			files = (
				1ABE4F5596E92F6AB7DB54CF /* Pods_B_Shop.framework in Frameworks */,
			);
			runOnlyForDeploymentPostprocessing = 0;
		};
/* End PBXFrameworksBuildPhase section */

/* Begin PBXGroup section */
		1E29B3D08247F539193D07B0 /* Pods */ = {
			isa = PBXGroup;
			children = (
				1DBB20ECF67BB88CD541AFE7 /* Pods-B-Shop.debug.xcconfig */,
				0BF36611C217FD26D25A44BB /* Pods-B-Shop.release.xcconfig */,
			);
			name = Pods;
			sourceTree = "<group>";
		};
		5833DE0F202AD1A600B01679 /* Model */ = {
			isa = PBXGroup;
			children = (
				5833DE10202AD1D700B01679 /* CategoryModel.swift */,
			);
			name = Model;
			path = Mode;
			sourceTree = "<group>";
		};
		58936A0A20233A0800CF9D2B /* Group */ = {
			isa = PBXGroup;
			children = (
				58FF9ED12029759B0079294C /* GroupCell.swift */,
				58936A0B20233A4300CF9D2B /* GroupViewController.swift */,
			);
			path = Group;
			sourceTree = "<group>";
		};
		58936A142023782E00CF9D2B /* Product */ = {
			isa = PBXGroup;
			children = (
				58936A1220236E3D00CF9D2B /* ProductTableViewController.swift */,
				58936A152023787B00CF9D2B /* ProductPreviewController.swift */,
			);
			name = Product;
			path = ProductPreview;
			sourceTree = "<group>";
		};
		5898D0D2202B181600FA6A45 /* Helpers & Views */ = {
			isa = PBXGroup;
			children = (
				58936A0820230D8300CF9D2B /* Extensions.swift */,
				5898D0D3202B187200FA6A45 /* ShadowView.swift */,
			);
			path = "Helpers & Views";
			sourceTree = "<group>";
		};
		58C5EA9C2022DD770077427B = {
			isa = PBXGroup;
			children = (
				58C5EAA72022DD770077427B /* B-Shop */,
				58C5EAA62022DD770077427B /* Products */,
				1E29B3D08247F539193D07B0 /* Pods */,
				AE7798C211EA92AC447BCD6C /* Frameworks */,
			);
			sourceTree = "<group>";
		};
		58C5EAA62022DD770077427B /* Products */ = {
			isa = PBXGroup;
			children = (
				58C5EAA52022DD770077427B /* B-Shop.app */,
			);
			name = Products;
			sourceTree = "<group>";
		};
		58C5EAA72022DD770077427B /* B-Shop */ = {
			isa = PBXGroup;
			children = (
				58C5EABA2022E0140077427B /* Category */,
				58936A0A20233A0800CF9D2B /* Group */,
				5833DE0F202AD1A600B01679 /* Model */,
				58936A142023782E00CF9D2B /* Product */,
				5898D0D2202B181600FA6A45 /* Helpers & Views */,
				58C5EAA82022DD770077427B /* AppDelegate.swift */,
				585FAD95202772BB004C55A6 /* B-shop.xcdatamodeld */,
				58C5EAAF2022DD780077427B /* Assets.xcassets */,
				58C5EAB12022DD780077427B /* LaunchScreen.storyboard */,
				58C5EAB42022DD780077427B /* Info.plist */,
			);
			path = "B-Shop";
			sourceTree = "<group>";
		};
		58C5EABA2022E0140077427B /* Category */ = {
			isa = PBXGroup;
			children = (
				5898D0D5202B1B7900FA6A45 /* BaseCell.swift */,
				58936A062023058900CF9D2B /* CategoryCell.swift */,
				58C5EABB2022E04F0077427B /* CategoryViewController.swift */,
				585FAD9320272A95004C55A6 /* ExtensionCategoryViewController.swift */,
			);
			path = Category;
			sourceTree = "<group>";
		};
		AE7798C211EA92AC447BCD6C /* Frameworks */ = {
			isa = PBXGroup;
			children = (
				933C6DA56EF44BEBFA63A9AC /* Pods_B_Shop.framework */,
			);
			name = Frameworks;
			sourceTree = "<group>";
		};
/* End PBXGroup section */

/* Begin PBXNativeTarget section */
		58C5EAA42022DD770077427B /* B-Shop */ = {
			isa = PBXNativeTarget;
			buildConfigurationList = 58C5EAB72022DD780077427B /* Build configuration list for PBXNativeTarget "B-Shop" */;
			buildPhases = (
				4EF58700453B6DF660C745A5 /* [CP] Check Pods Manifest.lock */,
				58C5EAA12022DD770077427B /* Sources */,
				58C5EAA22022DD770077427B /* Frameworks */,
				58C5EAA32022DD770077427B /* Resources */,
				A909A8E7B0568CAA87D19BEF /* [CP] Embed Pods Frameworks */,
				5E99542BD610A9517E53E92A /* [CP] Copy Pods Resources */,
			);
			buildRules = (
			);
			dependencies = (
			);
			name = "B-Shop";
			productName = "B-Shop";
			productReference = 58C5EAA52022DD770077427B /* B-Shop.app */;
			productType = "com.apple.product-type.application";
		};
/* End PBXNativeTarget section */

/* Begin PBXProject section */
		58C5EA9D2022DD770077427B /* Project object */ = {
			isa = PBXProject;
			attributes = {
				LastSwiftUpdateCheck = 0920;
				LastUpgradeCheck = 0920;
				ORGANIZATIONNAME = "Alexander Kolovatov";
				TargetAttributes = {
					58C5EAA42022DD770077427B = {
						CreatedOnToolsVersion = 9.2;
						ProvisioningStyle = Automatic;
					};
				};
			};
			buildConfigurationList = 58C5EAA02022DD770077427B /* Build configuration list for PBXProject "B-Shop" */;
			compatibilityVersion = "Xcode 8.0";
			developmentRegion = en;
			hasScannedForEncodings = 0;
			knownRegions = (
				en,
				Base,
			);
			mainGroup = 58C5EA9C2022DD770077427B;
			productRefGroup = 58C5EAA62022DD770077427B /* Products */;
			projectDirPath = "";
			projectRoot = "";
			targets = (
				58C5EAA42022DD770077427B /* B-Shop */,
			);
		};
/* End PBXProject section */

/* Begin PBXResourcesBuildPhase section */
		58C5EAA32022DD770077427B /* Resources */ = {
			isa = PBXResourcesBuildPhase;
			buildActionMask = 2147483647;
			files = (
				58C5EAB32022DD780077427B /* LaunchScreen.storyboard in Resources */,
				58C5EAB02022DD780077427B /* Assets.xcassets in Resources */,
			);
			runOnlyForDeploymentPostprocessing = 0;
		};
/* End PBXResourcesBuildPhase section */

/* Begin PBXShellScriptBuildPhase section */
		4EF58700453B6DF660C745A5 /* [CP] Check Pods Manifest.lock */ = {
			isa = PBXShellScriptBuildPhase;
			buildActionMask = 2147483647;
			files = (
			);
			inputPaths = (
				"${PODS_PODFILE_DIR_PATH}/Podfile.lock",
				"${PODS_ROOT}/Manifest.lock",
			);
			name = "[CP] Check Pods Manifest.lock";
			outputPaths = (
				"$(DERIVED_FILE_DIR)/Pods-B-Shop-checkManifestLockResult.txt",
			);
			runOnlyForDeploymentPostprocessing = 0;
			shellPath = /bin/sh;
			shellScript = "diff \"${PODS_PODFILE_DIR_PATH}/Podfile.lock\" \"${PODS_ROOT}/Manifest.lock\" > /dev/null\nif [ $? != 0 ] ; then\n    # print error to STDERR\n    echo \"error: The sandbox is not in sync with the Podfile.lock. Run 'pod install' or update your CocoaPods installation.\" >&2\n    exit 1\nfi\n# This output is used by Xcode 'outputs' to avoid re-running this script phase.\necho \"SUCCESS\" > \"${SCRIPT_OUTPUT_FILE_0}\"\n";
			showEnvVarsInLog = 0;
		};
		5E99542BD610A9517E53E92A /* [CP] Copy Pods Resources */ = {
			isa = PBXShellScriptBuildPhase;
			buildActionMask = 2147483647;
			files = (
			);
			inputPaths = (
			);
			name = "[CP] Copy Pods Resources";
			outputPaths = (
			);
			runOnlyForDeploymentPostprocessing = 0;
			shellPath = /bin/sh;
			shellScript = "\"${SRCROOT}/Pods/Target Support Files/Pods-B-Shop/Pods-B-Shop-resources.sh\"\n";
			showEnvVarsInLog = 0;
		};
		A909A8E7B0568CAA87D19BEF /* [CP] Embed Pods Frameworks */ = {
			isa = PBXShellScriptBuildPhase;
			buildActionMask = 2147483647;
			files = (
			);
			inputPaths = (
				"${SRCROOT}/Pods/Target Support Files/Pods-B-Shop/Pods-B-Shop-frameworks.sh",
				"${BUILT_PRODUCTS_DIR}/Alamofire/Alamofire.framework",
			);
			name = "[CP] Embed Pods Frameworks";
			outputPaths = (
				"${TARGET_BUILD_DIR}/${FRAMEWORKS_FOLDER_PATH}/Alamofire.framework",
			);
			runOnlyForDeploymentPostprocessing = 0;
			shellPath = /bin/sh;
			shellScript = "\"${SRCROOT}/Pods/Target Support Files/Pods-B-Shop/Pods-B-Shop-frameworks.sh\"\n";
			showEnvVarsInLog = 0;
		};
/* End PBXShellScriptBuildPhase section */

/* Begin PBXSourcesBuildPhase section */
		58C5EAA12022DD770077427B /* Sources */ = {
			isa = PBXSourcesBuildPhase;
			buildActionMask = 2147483647;
			files = (
				5898D0D4202B187200FA6A45 /* ShadowView.swift in Sources */,
				58936A0920230D8300CF9D2B /* Extensions.swift in Sources */,
				58C5EABC2022E04F0077427B /* CategoryViewController.swift in Sources */,
				58C5EAA92022DD770077427B /* AppDelegate.swift in Sources */,
				58FF9ED22029759B0079294C /* GroupCell.swift in Sources */,
				5898D0D6202B1B7900FA6A45 /* BaseCell.swift in Sources */,
				585FAD9420272A95004C55A6 /* ExtensionCategoryViewController.swift in Sources */,
				585FAD97202772BB004C55A6 /* B-shop.xcdatamodeld in Sources */,
				58936A072023058900CF9D2B /* CategoryCell.swift in Sources */,
				5833DE11202AD1D700B01679 /* CategoryModel.swift in Sources */,
				58936A162023787B00CF9D2B /* ProductPreviewController.swift in Sources */,
				58936A1320236E3D00CF9D2B /* ProductTableViewController.swift in Sources */,
				58936A0C20233A4300CF9D2B /* GroupViewController.swift in Sources */,
			);
			runOnlyForDeploymentPostprocessing = 0;
		};
/* End PBXSourcesBuildPhase section */

/* Begin PBXVariantGroup section */
		58C5EAB12022DD780077427B /* LaunchScreen.storyboard */ = {
			isa = PBXVariantGroup;
			children = (
				58C5EAB22022DD780077427B /* Base */,
			);
			name = LaunchScreen.storyboard;
			sourceTree = "<group>";
		};
/* End PBXVariantGroup section */

/* Begin XCBuildConfiguration section */
		58C5EAB52022DD780077427B /* Debug */ = {
			isa = XCBuildConfiguration;
			buildSettings = {
				ALWAYS_SEARCH_USER_PATHS = NO;
				CLANG_ANALYZER_NONNULL = YES;
				CLANG_ANALYZER_NUMBER_OBJECT_CONVERSION = YES_AGGRESSIVE;
				CLANG_CXX_LANGUAGE_STANDARD = "gnu++14";
				CLANG_CXX_LIBRARY = "libc++";
				CLANG_ENABLE_MODULES = YES;
				CLANG_ENABLE_OBJC_ARC = YES;
				CLANG_WARN_BLOCK_CAPTURE_AUTORELEASING = YES;
				CLANG_WARN_BOOL_CONVERSION = YES;
				CLANG_WARN_COMMA = YES;
				CLANG_WARN_CONSTANT_CONVERSION = YES;
				CLANG_WARN_DIRECT_OBJC_ISA_USAGE = YES_ERROR;
				CLANG_WARN_DOCUMENTATION_COMMENTS = YES;
				CLANG_WARN_EMPTY_BODY = YES;
				CLANG_WARN_ENUM_CONVERSION = YES;
				CLANG_WARN_INFINITE_RECURSION = YES;
				CLANG_WARN_INT_CONVERSION = YES;
				CLANG_WARN_NON_LITERAL_NULL_CONVERSION = YES;
				CLANG_WARN_OBJC_LITERAL_CONVERSION = YES;
				CLANG_WARN_OBJC_ROOT_CLASS = YES_ERROR;
				CLANG_WARN_RANGE_LOOP_ANALYSIS = YES;
				CLANG_WARN_STRICT_PROTOTYPES = YES;
				CLANG_WARN_SUSPICIOUS_MOVE = YES;
				CLANG_WARN_UNGUARDED_AVAILABILITY = YES_AGGRESSIVE;
				CLANG_WARN_UNREACHABLE_CODE = YES;
				CLANG_WARN__DUPLICATE_METHOD_MATCH = YES;
				CODE_SIGN_IDENTITY = "iPhone Developer";
				COPY_PHASE_STRIP = NO;
				DEBUG_INFORMATION_FORMAT = dwarf;
				ENABLE_STRICT_OBJC_MSGSEND = YES;
				ENABLE_TESTABILITY = YES;
				GCC_C_LANGUAGE_STANDARD = gnu11;
				GCC_DYNAMIC_NO_PIC = NO;
				GCC_NO_COMMON_BLOCKS = YES;
				GCC_OPTIMIZATION_LEVEL = 0;
				GCC_PREPROCESSOR_DEFINITIONS = (
					"DEBUG=1",
					"$(inherited)",
				);
				GCC_WARN_64_TO_32_BIT_CONVERSION = YES;
				GCC_WARN_ABOUT_RETURN_TYPE = YES_ERROR;
				GCC_WARN_UNDECLARED_SELECTOR = YES;
				GCC_WARN_UNINITIALIZED_AUTOS = YES_AGGRESSIVE;
				GCC_WARN_UNUSED_FUNCTION = YES;
				GCC_WARN_UNUSED_VARIABLE = YES;
				IPHONEOS_DEPLOYMENT_TARGET = 11.2;
				MTL_ENABLE_DEBUG_INFO = YES;
				ONLY_ACTIVE_ARCH = YES;
				SDKROOT = iphoneos;
				SWIFT_ACTIVE_COMPILATION_CONDITIONS = DEBUG;
				SWIFT_OPTIMIZATION_LEVEL = "-Onone";
			};
			name = Debug;
		};
		58C5EAB62022DD780077427B /* Release */ = {
			isa = XCBuildConfiguration;
			buildSettings = {
				ALWAYS_SEARCH_USER_PATHS = NO;
				CLANG_ANALYZER_NONNULL = YES;
				CLANG_ANALYZER_NUMBER_OBJECT_CONVERSION = YES_AGGRESSIVE;
				CLANG_CXX_LANGUAGE_STANDARD = "gnu++14";
				CLANG_CXX_LIBRARY = "libc++";
				CLANG_ENABLE_MODULES = YES;
				CLANG_ENABLE_OBJC_ARC = YES;
				CLANG_WARN_BLOCK_CAPTURE_AUTORELEASING = YES;
				CLANG_WARN_BOOL_CONVERSION = YES;
				CLANG_WARN_COMMA = YES;
				CLANG_WARN_CONSTANT_CONVERSION = YES;
				CLANG_WARN_DIRECT_OBJC_ISA_USAGE = YES_ERROR;
				CLANG_WARN_DOCUMENTATION_COMMENTS = YES;
				CLANG_WARN_EMPTY_BODY = YES;
				CLANG_WARN_ENUM_CONVERSION = YES;
				CLANG_WARN_INFINITE_RECURSION = YES;
				CLANG_WARN_INT_CONVERSION = YES;
				CLANG_WARN_NON_LITERAL_NULL_CONVERSION = YES;
				CLANG_WARN_OBJC_LITERAL_CONVERSION = YES;
				CLANG_WARN_OBJC_ROOT_CLASS = YES_ERROR;
				CLANG_WARN_RANGE_LOOP_ANALYSIS = YES;
				CLANG_WARN_STRICT_PROTOTYPES = YES;
				CLANG_WARN_SUSPICIOUS_MOVE = YES;
				CLANG_WARN_UNGUARDED_AVAILABILITY = YES_AGGRESSIVE;
				CLANG_WARN_UNREACHABLE_CODE = YES;
				CLANG_WARN__DUPLICATE_METHOD_MATCH = YES;
				CODE_SIGN_IDENTITY = "iPhone Developer";
				COPY_PHASE_STRIP = NO;
				DEBUG_INFORMATION_FORMAT = "dwarf-with-dsym";
				ENABLE_NS_ASSERTIONS = NO;
				ENABLE_STRICT_OBJC_MSGSEND = YES;
				GCC_C_LANGUAGE_STANDARD = gnu11;
				GCC_NO_COMMON_BLOCKS = YES;
				GCC_WARN_64_TO_32_BIT_CONVERSION = YES;
				GCC_WARN_ABOUT_RETURN_TYPE = YES_ERROR;
				GCC_WARN_UNDECLARED_SELECTOR = YES;
				GCC_WARN_UNINITIALIZED_AUTOS = YES_AGGRESSIVE;
				GCC_WARN_UNUSED_FUNCTION = YES;
				GCC_WARN_UNUSED_VARIABLE = YES;
				IPHONEOS_DEPLOYMENT_TARGET = 11.2;
				MTL_ENABLE_DEBUG_INFO = NO;
				SDKROOT = iphoneos;
				SWIFT_OPTIMIZATION_LEVEL = "-Owholemodule";
				VALIDATE_PRODUCT = YES;
			};
			name = Release;
		};
		58C5EAB82022DD780077427B /* Debug */ = {
			isa = XCBuildConfiguration;
			baseConfigurationReference = 1DBB20ECF67BB88CD541AFE7 /* Pods-B-Shop.debug.xcconfig */;
			buildSettings = {
				ASSETCATALOG_COMPILER_APPICON_NAME = AppIcon;
				CODE_SIGN_STYLE = Automatic;
				DEVELOPMENT_TEAM = B4GQNM8GYN;
				INFOPLIST_FILE = "B-Shop/Info.plist";
				LD_RUNPATH_SEARCH_PATHS = "$(inherited) @executable_path/Frameworks";
				PRODUCT_BUNDLE_IDENTIFIER = "burton.B-Shop";
				PRODUCT_NAME = "$(TARGET_NAME)";
				SWIFT_VERSION = 4.0;
				TARGETED_DEVICE_FAMILY = 1;
			};
			name = Debug;
		};
		58C5EAB92022DD780077427B /* Release */ = {
			isa = XCBuildConfiguration;
			baseConfigurationReference = 0BF36611C217FD26D25A44BB /* Pods-B-Shop.release.xcconfig */;
			buildSettings = {
				ASSETCATALOG_COMPILER_APPICON_NAME = AppIcon;
				CODE_SIGN_STYLE = Automatic;
				DEVELOPMENT_TEAM = B4GQNM8GYN;
				INFOPLIST_FILE = "B-Shop/Info.plist";
				LD_RUNPATH_SEARCH_PATHS = "$(inherited) @executable_path/Frameworks";
				PRODUCT_BUNDLE_IDENTIFIER = "burton.B-Shop";
				PRODUCT_NAME = "$(TARGET_NAME)";
				SWIFT_VERSION = 4.0;
				TARGETED_DEVICE_FAMILY = 1;
			};
			name = Release;
		};
/* End XCBuildConfiguration section */

/* Begin XCConfigurationList section */
		58C5EAA02022DD770077427B /* Build configuration list for PBXProject "B-Shop" */ = {
			isa = XCConfigurationList;
			buildConfigurations = (
				58C5EAB52022DD780077427B /* Debug */,
				58C5EAB62022DD780077427B /* Release */,
			);
			defaultConfigurationIsVisible = 0;
			defaultConfigurationName = Release;
		};
		58C5EAB72022DD780077427B /* Build configuration list for PBXNativeTarget "B-Shop" */ = {
			isa = XCConfigurationList;
			buildConfigurations = (
				58C5EAB82022DD780077427B /* Debug */,
				58C5EAB92022DD780077427B /* Release */,
			);
			defaultConfigurationIsVisible = 0;
			defaultConfigurationName = Release;
		};
/* End XCConfigurationList section */

/* Begin XCVersionGroup section */
		585FAD95202772BB004C55A6 /* B-shop.xcdatamodeld */ = {
			isa = XCVersionGroup;
			children = (
				585FAD96202772BB004C55A6 /* B-shop.xcdatamodel */,
			);
			currentVersion = 585FAD96202772BB004C55A6 /* B-shop.xcdatamodel */;
			path = "B-shop.xcdatamodeld";
			sourceTree = "<group>";
			versionGroupType = wrapper.xcdatamodel;
		};
/* End XCVersionGroup section */
	};
	rootObject = 58C5EA9D2022DD770077427B /* Project object */;
}
